
Microsoft Visual Studio Solution File, Format Version 12.00
# Visual Studio Version 17
VisualStudioVersion = 17.11.35327.3
MinimumVisualStudioVersion = 10.0.40219.1
Project("{FAE04EC0-301F-11D3-BF4B-00C04F79EFBC}") = "CoracLibrary", "CoracLibrary\CoracLibrary.csproj", "{407E1AD7-19FD-4B90-B686-8767E82B85EE}"
EndProject
Global
	GlobalSection(SolutionConfigurationPlatforms) = preSolution
		Debug|Any CPU = Debug|Any CPU
		Release|Any CPU = Release|Any CPU
	EndGlobalSection
	GlobalSection(ProjectConfigurationPlatforms) = postSolution
		{407E1AD7-19FD-4B90-B686-8767E82B85EE}.Debug|Any CPU.ActiveCfg = Debug|Any CPU
		{407E1AD7-19FD-4B90-B686-8767E82B85EE}.Debug|Any CPU.Build.0 = Debug|Any CPU
		{407E1AD7-19FD-4B90-B686-8767E82B85EE}.Release|Any CPU.ActiveCfg = Release|Any CPU
		{407E1AD7-19FD-4B90-B686-8767E82B85EE}.Release|Any CPU.Build.0 = Release|Any CPU
	EndGlobalSection
	GlobalSection(SolutionProperties) = preSolution
		HideSolutionNode = FALSE
	EndGlobalSection
	GlobalSection(ExtensibilityGlobals) = postSolution
		SolutionGuid = {393C16D0-7C91-45E7-9F02-9A6D69DA12BC}
	EndGlobalSection
EndGlobal
